
Microsoft Visual Studio Solution File, Format Version 12.00
# Visual Studio Version 16
VisualStudioVersion = 16.0.29806.167
MinimumVisualStudioVersion = 10.0.40219.1
Project("{9A19103F-16F7-4668-BE54-9A1E7A4F7556}") = "Minded", "Minded.csproj", "{A783A543-A6EA-4AE2-9D23-92822BA1EE36}"
EndProject
Project("{2150E333-8FDC-42A3-9474-1A3956D46DE8}") = "Example", "Example", "{36B04108-D4FB-47CB-A940-868A45577D2F}"
EndProject
Project("{2150E333-8FDC-42A3-9474-1A3956D46DE8}") = "Tests", "Tests", "{83865F12-AF52-47BC-AD23-19B749EEC25C}"
EndProject
Project("{9A19103F-16F7-4668-BE54-9A1E7A4F7556}") = "Application.Api", "Example\Application.Api\Application.Api.csproj", "{4E02B562-8621-4525-86ED-D4BD04125258}"
EndProject
Project("{9A19103F-16F7-4668-BE54-9A1E7A4F7556}") = "Application.Api.IntegrationTests", "Example\Application.Api.IntegrationTests\Application.Api.IntegrationTests.csproj", "{64866734-7839-425E-907A-3F8FCB064E71}"
EndProject
Project("{9A19103F-16F7-4668-BE54-9A1E7A4F7556}") = "Application.Api.Tests", "Example\Application.Api.Tests\Application.Api.Tests.csproj", "{72BC0074-7243-43C0-90D6-11D2C1C4342F}"
EndProject
Project("{9A19103F-16F7-4668-BE54-9A1E7A4F7556}") = "Common.IntegrationTests", "Example\Common.Integration.Tests\Common.IntegrationTests.csproj", "{D2CBBD73-E164-485C-87E7-350370419C8B}"
EndProject
Project("{9A19103F-16F7-4668-BE54-9A1E7A4F7556}") = "Common.Log", "Example\Common.Log\Common.Log.csproj", "{C0F023B4-925B-492C-8331-E347568F6AD5}"
EndProject
Project("{9A19103F-16F7-4668-BE54-9A1E7A4F7556}") = "Common.Tests", "Example\Common.Tests\Common.Tests.csproj", "{19CCC9C3-86E0-4605-9FA4-A68402804364}"
EndProject
Project("{9A19103F-16F7-4668-BE54-9A1E7A4F7556}") = "Data.Common", "Example\Data.Common\Data.Common.csproj", "{D74845D7-AFAD-4B03-A15E-1E30749D1470}"
EndProject
Project("{9A19103F-16F7-4668-BE54-9A1E7A4F7556}") = "Data.Common.Testing.Builder", "Example\Data.Common.Testing.Builder\Data.Common.Testing.Builder.csproj", "{7AD71508-12F0-4881-9528-E77B6382480F}"
EndProject
Project("{9A19103F-16F7-4668-BE54-9A1E7A4F7556}") = "Data.Context", "Example\Data.Context\Data.Context.csproj", "{1B3B5E41-C194-4DE9-BD84-F9BEDC772AB4}"
EndProject
Project("{9A19103F-16F7-4668-BE54-9A1E7A4F7556}") = "Data.Entity", "Example\Data.Entity\Data.Entity.csproj", "{BDD85663-D9F0-4010-877C-E080AEA3131B}"
EndProject
Project("{9A19103F-16F7-4668-BE54-9A1E7A4F7556}") = "Service.Category", "Example\Service.Category\Service.Category.csproj", "{DFBE355D-94E7-4DE4-B514-B097D69D0872}"
EndProject
Project("{9A19103F-16F7-4668-BE54-9A1E7A4F7556}") = "Service.Category.IntegrationTests", "Example\Service.Category.IntegrationTests\Service.Category.IntegrationTests.csproj", "{C435AAA8-37C2-4BEC-894A-EE44DDA59ED1}"
EndProject
Project("{9A19103F-16F7-4668-BE54-9A1E7A4F7556}") = "Service.Category.Tests", "Example\Service.Category.Tests\Service.Category.Tests.csproj", "{75781A40-A4A4-4A8F-B678-ABD7775B5968}"
EndProject
Project("{9A19103F-16F7-4668-BE54-9A1E7A4F7556}") = "Service.Transaction", "Example\Service.Transaction\Service.Transaction.csproj", "{D7327255-6D19-4923-A890-536A952BCB21}"
EndProject
Project("{9A19103F-16F7-4668-BE54-9A1E7A4F7556}") = "Service.Transaction.IntegrationTests", "Example\Service.Transaction.IntegrationTests\Service.Transaction.IntegrationTests.csproj", "{0923E8A4-8385-48CD-9EBF-38D73C774E3D}"
EndProject
Project("{2150E333-8FDC-42A3-9474-1A3956D46DE8}") = "Tests", "Tests", "{5A2EDD04-388A-4312-8F25-13D9D069611F}"
EndProject
Project("{9A19103F-16F7-4668-BE54-9A1E7A4F7556}") = "Common.Configuration", "Example\Common.Configuration\Common.Configuration.csproj", "{E44B1A72-7B3A-495B-9797-916C30C81039}"
EndProject
Global
	GlobalSection(SolutionConfigurationPlatforms) = preSolution
		Debug|Any CPU = Debug|Any CPU
		Release|Any CPU = Release|Any CPU
	EndGlobalSection
	GlobalSection(ProjectConfigurationPlatforms) = postSolution
		{A783A543-A6EA-4AE2-9D23-92822BA1EE36}.Debug|Any CPU.ActiveCfg = Debug|Any CPU
		{A783A543-A6EA-4AE2-9D23-92822BA1EE36}.Debug|Any CPU.Build.0 = Debug|Any CPU
		{A783A543-A6EA-4AE2-9D23-92822BA1EE36}.Release|Any CPU.ActiveCfg = Release|Any CPU
		{A783A543-A6EA-4AE2-9D23-92822BA1EE36}.Release|Any CPU.Build.0 = Release|Any CPU
		{4E02B562-8621-4525-86ED-D4BD04125258}.Debug|Any CPU.ActiveCfg = Debug|Any CPU
		{4E02B562-8621-4525-86ED-D4BD04125258}.Debug|Any CPU.Build.0 = Debug|Any CPU
		{4E02B562-8621-4525-86ED-D4BD04125258}.Release|Any CPU.ActiveCfg = Release|Any CPU
		{4E02B562-8621-4525-86ED-D4BD04125258}.Release|Any CPU.Build.0 = Release|Any CPU
		{64866734-7839-425E-907A-3F8FCB064E71}.Debug|Any CPU.ActiveCfg = Debug|Any CPU
		{64866734-7839-425E-907A-3F8FCB064E71}.Debug|Any CPU.Build.0 = Debug|Any CPU
		{64866734-7839-425E-907A-3F8FCB064E71}.Release|Any CPU.ActiveCfg = Release|Any CPU
		{64866734-7839-425E-907A-3F8FCB064E71}.Release|Any CPU.Build.0 = Release|Any CPU
		{72BC0074-7243-43C0-90D6-11D2C1C4342F}.Debug|Any CPU.ActiveCfg = Debug|Any CPU
		{72BC0074-7243-43C0-90D6-11D2C1C4342F}.Debug|Any CPU.Build.0 = Debug|Any CPU
		{72BC0074-7243-43C0-90D6-11D2C1C4342F}.Release|Any CPU.ActiveCfg = Release|Any CPU
		{72BC0074-7243-43C0-90D6-11D2C1C4342F}.Release|Any CPU.Build.0 = Release|Any CPU
		{D2CBBD73-E164-485C-87E7-350370419C8B}.Debug|Any CPU.ActiveCfg = Debug|Any CPU
		{D2CBBD73-E164-485C-87E7-350370419C8B}.Debug|Any CPU.Build.0 = Debug|Any CPU
		{D2CBBD73-E164-485C-87E7-350370419C8B}.Release|Any CPU.ActiveCfg = Release|Any CPU
		{D2CBBD73-E164-485C-87E7-350370419C8B}.Release|Any CPU.Build.0 = Release|Any CPU
		{C0F023B4-925B-492C-8331-E347568F6AD5}.Debug|Any CPU.ActiveCfg = Debug|Any CPU
		{C0F023B4-925B-492C-8331-E347568F6AD5}.Debug|Any CPU.Build.0 = Debug|Any CPU
		{C0F023B4-925B-492C-8331-E347568F6AD5}.Release|Any CPU.ActiveCfg = Release|Any CPU
		{C0F023B4-925B-492C-8331-E347568F6AD5}.Release|Any CPU.Build.0 = Release|Any CPU
		{19CCC9C3-86E0-4605-9FA4-A68402804364}.Debug|Any CPU.ActiveCfg = Debug|Any CPU
		{19CCC9C3-86E0-4605-9FA4-A68402804364}.Debug|Any CPU.Build.0 = Debug|Any CPU
		{19CCC9C3-86E0-4605-9FA4-A68402804364}.Release|Any CPU.ActiveCfg = Release|Any CPU
		{19CCC9C3-86E0-4605-9FA4-A68402804364}.Release|Any CPU.Build.0 = Release|Any CPU
		{D74845D7-AFAD-4B03-A15E-1E30749D1470}.Debug|Any CPU.ActiveCfg = Debug|Any CPU
		{D74845D7-AFAD-4B03-A15E-1E30749D1470}.Debug|Any CPU.Build.0 = Debug|Any CPU
		{D74845D7-AFAD-4B03-A15E-1E30749D1470}.Release|Any CPU.ActiveCfg = Release|Any CPU
		{D74845D7-AFAD-4B03-A15E-1E30749D1470}.Release|Any CPU.Build.0 = Release|Any CPU
		{7AD71508-12F0-4881-9528-E77B6382480F}.Debug|Any CPU.ActiveCfg = Debug|Any CPU
		{7AD71508-12F0-4881-9528-E77B6382480F}.Debug|Any CPU.Build.0 = Debug|Any CPU
		{7AD71508-12F0-4881-9528-E77B6382480F}.Release|Any CPU.ActiveCfg = Release|Any CPU
		{7AD71508-12F0-4881-9528-E77B6382480F}.Release|Any CPU.Build.0 = Release|Any CPU
		{1B3B5E41-C194-4DE9-BD84-F9BEDC772AB4}.Debug|Any CPU.ActiveCfg = Debug|Any CPU
		{1B3B5E41-C194-4DE9-BD84-F9BEDC772AB4}.Debug|Any CPU.Build.0 = Debug|Any CPU
		{1B3B5E41-C194-4DE9-BD84-F9BEDC772AB4}.Release|Any CPU.ActiveCfg = Release|Any CPU
		{1B3B5E41-C194-4DE9-BD84-F9BEDC772AB4}.Release|Any CPU.Build.0 = Release|Any CPU
		{BDD85663-D9F0-4010-877C-E080AEA3131B}.Debug|Any CPU.ActiveCfg = Debug|Any CPU
		{BDD85663-D9F0-4010-877C-E080AEA3131B}.Debug|Any CPU.Build.0 = Debug|Any CPU
		{BDD85663-D9F0-4010-877C-E080AEA3131B}.Release|Any CPU.ActiveCfg = Release|Any CPU
		{BDD85663-D9F0-4010-877C-E080AEA3131B}.Release|Any CPU.Build.0 = Release|Any CPU
		{DFBE355D-94E7-4DE4-B514-B097D69D0872}.Debug|Any CPU.ActiveCfg = Debug|Any CPU
		{DFBE355D-94E7-4DE4-B514-B097D69D0872}.Debug|Any CPU.Build.0 = Debug|Any CPU
		{DFBE355D-94E7-4DE4-B514-B097D69D0872}.Release|Any CPU.ActiveCfg = Release|Any CPU
		{DFBE355D-94E7-4DE4-B514-B097D69D0872}.Release|Any CPU.Build.0 = Release|Any CPU
		{C435AAA8-37C2-4BEC-894A-EE44DDA59ED1}.Debug|Any CPU.ActiveCfg = Debug|Any CPU
		{C435AAA8-37C2-4BEC-894A-EE44DDA59ED1}.Debug|Any CPU.Build.0 = Debug|Any CPU
		{C435AAA8-37C2-4BEC-894A-EE44DDA59ED1}.Release|Any CPU.ActiveCfg = Release|Any CPU
		{C435AAA8-37C2-4BEC-894A-EE44DDA59ED1}.Release|Any CPU.Build.0 = Release|Any CPU
		{75781A40-A4A4-4A8F-B678-ABD7775B5968}.Debug|Any CPU.ActiveCfg = Debug|Any CPU
		{75781A40-A4A4-4A8F-B678-ABD7775B5968}.Debug|Any CPU.Build.0 = Debug|Any CPU
		{75781A40-A4A4-4A8F-B678-ABD7775B5968}.Release|Any CPU.ActiveCfg = Release|Any CPU
		{75781A40-A4A4-4A8F-B678-ABD7775B5968}.Release|Any CPU.Build.0 = Release|Any CPU
		{D7327255-6D19-4923-A890-536A952BCB21}.Debug|Any CPU.ActiveCfg = Debug|Any CPU
		{D7327255-6D19-4923-A890-536A952BCB21}.Debug|Any CPU.Build.0 = Debug|Any CPU
		{D7327255-6D19-4923-A890-536A952BCB21}.Release|Any CPU.ActiveCfg = Release|Any CPU
		{D7327255-6D19-4923-A890-536A952BCB21}.Release|Any CPU.Build.0 = Release|Any CPU
		{0923E8A4-8385-48CD-9EBF-38D73C774E3D}.Debug|Any CPU.ActiveCfg = Debug|Any CPU
		{0923E8A4-8385-48CD-9EBF-38D73C774E3D}.Debug|Any CPU.Build.0 = Debug|Any CPU
		{0923E8A4-8385-48CD-9EBF-38D73C774E3D}.Release|Any CPU.ActiveCfg = Release|Any CPU
		{0923E8A4-8385-48CD-9EBF-38D73C774E3D}.Release|Any CPU.Build.0 = Release|Any CPU
		{E44B1A72-7B3A-495B-9797-916C30C81039}.Debug|Any CPU.ActiveCfg = Debug|Any CPU
		{E44B1A72-7B3A-495B-9797-916C30C81039}.Debug|Any CPU.Build.0 = Debug|Any CPU
		{E44B1A72-7B3A-495B-9797-916C30C81039}.Release|Any CPU.ActiveCfg = Release|Any CPU
		{E44B1A72-7B3A-495B-9797-916C30C81039}.Release|Any CPU.Build.0 = Release|Any CPU
	EndGlobalSection
	GlobalSection(SolutionProperties) = preSolution
		HideSolutionNode = FALSE
	EndGlobalSection
	GlobalSection(NestedProjects) = preSolution
		{4E02B562-8621-4525-86ED-D4BD04125258} = {36B04108-D4FB-47CB-A940-868A45577D2F}
		{64866734-7839-425E-907A-3F8FCB064E71} = {5A2EDD04-388A-4312-8F25-13D9D069611F}
		{72BC0074-7243-43C0-90D6-11D2C1C4342F} = {5A2EDD04-388A-4312-8F25-13D9D069611F}
		{D2CBBD73-E164-485C-87E7-350370419C8B} = {5A2EDD04-388A-4312-8F25-13D9D069611F}
		{C0F023B4-925B-492C-8331-E347568F6AD5} = {36B04108-D4FB-47CB-A940-868A45577D2F}
		{19CCC9C3-86E0-4605-9FA4-A68402804364} = {5A2EDD04-388A-4312-8F25-13D9D069611F}
		{D74845D7-AFAD-4B03-A15E-1E30749D1470} = {36B04108-D4FB-47CB-A940-868A45577D2F}
		{7AD71508-12F0-4881-9528-E77B6382480F} = {5A2EDD04-388A-4312-8F25-13D9D069611F}
		{1B3B5E41-C194-4DE9-BD84-F9BEDC772AB4} = {36B04108-D4FB-47CB-A940-868A45577D2F}
		{BDD85663-D9F0-4010-877C-E080AEA3131B} = {36B04108-D4FB-47CB-A940-868A45577D2F}
		{DFBE355D-94E7-4DE4-B514-B097D69D0872} = {36B04108-D4FB-47CB-A940-868A45577D2F}
		{C435AAA8-37C2-4BEC-894A-EE44DDA59ED1} = {5A2EDD04-388A-4312-8F25-13D9D069611F}
		{75781A40-A4A4-4A8F-B678-ABD7775B5968} = {5A2EDD04-388A-4312-8F25-13D9D069611F}
		{D7327255-6D19-4923-A890-536A952BCB21} = {36B04108-D4FB-47CB-A940-868A45577D2F}
		{0923E8A4-8385-48CD-9EBF-38D73C774E3D} = {5A2EDD04-388A-4312-8F25-13D9D069611F}
		{5A2EDD04-388A-4312-8F25-13D9D069611F} = {36B04108-D4FB-47CB-A940-868A45577D2F}
		{E44B1A72-7B3A-495B-9797-916C30C81039} = {36B04108-D4FB-47CB-A940-868A45577D2F}
	EndGlobalSection
	GlobalSection(ExtensibilityGlobals) = postSolution
		SolutionGuid = {7C9F706B-19EF-445C-9AF7-246B32541C7F}
	EndGlobalSection
EndGlobal
