
Microsoft Visual Studio Solution File, Format Version 12.00
# Visual Studio Version 17
VisualStudioVersion = 17.1.32407.343
MinimumVisualStudioVersion = 10.0.40219.1
Project("{2150E333-8FDC-42A3-9474-1A3956D46DE8}") = "Example", "Example", "{36B04108-D4FB-47CB-A940-868A45577D2F}"
EndProject
Project("{9A19103F-16F7-4668-BE54-9A1E7A4F7556}") = "Application.Api", "Example\Application.Api\Application.Api.csproj", "{4E02B562-8621-4525-86ED-D4BD04125258}"
EndProject
Project("{9A19103F-16F7-4668-BE54-9A1E7A4F7556}") = "Common.Log", "Example\Common.Log\Common.Log.csproj", "{C0F023B4-925B-492C-8331-E347568F6AD5}"
EndProject
Project("{9A19103F-16F7-4668-BE54-9A1E7A4F7556}") = "Data.Common", "Example\Data.Common\Data.Common.csproj", "{D74845D7-AFAD-4B03-A15E-1E30749D1470}"
EndProject
Project("{9A19103F-16F7-4668-BE54-9A1E7A4F7556}") = "Data.Context", "Example\Data.Context\Data.Context.csproj", "{1B3B5E41-C194-4DE9-BD84-F9BEDC772AB4}"
EndProject
Project("{9A19103F-16F7-4668-BE54-9A1E7A4F7556}") = "Data.Entity", "Example\Data.Entity\Data.Entity.csproj", "{BDD85663-D9F0-4010-877C-E080AEA3131B}"
EndProject
Project("{9A19103F-16F7-4668-BE54-9A1E7A4F7556}") = "Service.Category", "Example\Service.Category\Service.Category.csproj", "{DFBE355D-94E7-4DE4-B514-B097D69D0872}"
EndProject
Project("{9A19103F-16F7-4668-BE54-9A1E7A4F7556}") = "Service.Transaction", "Example\Service.Transaction\Service.Transaction.csproj", "{D7327255-6D19-4923-A890-536A952BCB21}"
EndProject
Project("{2150E333-8FDC-42A3-9474-1A3956D46DE8}") = "Tests", "Tests", "{5A2EDD04-388A-4312-8F25-13D9D069611F}"
EndProject
Project("{9A19103F-16F7-4668-BE54-9A1E7A4F7556}") = "Common.Configuration", "Example\Common.Configuration\Common.Configuration.csproj", "{E44B1A72-7B3A-495B-9797-916C30C81039}"
EndProject
Project("{2150E333-8FDC-42A3-9474-1A3956D46DE8}") = "Common", "Common", "{BDAB6BB9-4729-4743-BC67-29D8721BB7F1}"
EndProject
Project("{2150E333-8FDC-42A3-9474-1A3956D46DE8}") = "Unit", "Unit", "{B98CFFDC-8E51-4503-A0BE-E8A7F06D12AB}"
EndProject
Project("{2150E333-8FDC-42A3-9474-1A3956D46DE8}") = "Integration", "Integration", "{B4B28A1B-B438-4413-BEF0-4B564D865B7B}"
EndProject
Project("{2150E333-8FDC-42A3-9474-1A3956D46DE8}") = "E2E", "E2E", "{C6F1CBF1-7EE1-44C9-9823-367D827977BB}"
EndProject
Project("{9A19103F-16F7-4668-BE54-9A1E7A4F7556}") = "Application.Api.Tests", "Example\Tests\Application.Api.Tests\Application.Api.Tests.csproj", "{84D46170-3AB7-4628-A20E-2B08ABAA0B97}"
EndProject
Project("{9A19103F-16F7-4668-BE54-9A1E7A4F7556}") = "Service.Category.Tests", "Example\Tests\Service.Category.Tests\Service.Category.Tests.csproj", "{DACDA873-A5D7-4030-8DF6-128112168BC5}"
EndProject
Project("{9A19103F-16F7-4668-BE54-9A1E7A4F7556}") = "Service.Transaction.IntegrationTests", "Example\Tests\Service.Transaction.IntegrationTests\Service.Transaction.IntegrationTests.csproj", "{2D03D176-BC94-4DEF-B268-D4125617021C}"
EndProject
Project("{9A19103F-16F7-4668-BE54-9A1E7A4F7556}") = "Common.Tests", "Example\Tests\Common.Tests\Common.Tests.csproj", "{30487FD3-3BD2-4491-AD65-973E78DF294B}"
EndProject
Project("{9A19103F-16F7-4668-BE54-9A1E7A4F7556}") = "Common.IntegrationTests", "Example\Tests\Common.Integration.Tests\Common.IntegrationTests.csproj", "{39911D99-0373-44C4-AC62-4387762030E1}"
EndProject
Project("{9A19103F-16F7-4668-BE54-9A1E7A4F7556}") = "Application.Api.E2ETests", "Example\Tests\Application.Api.E2ETests\Application.Api.E2ETests.csproj", "{747C33C5-411F-4143-8BC5-A0D804852F47}"
EndProject
Project("{9A19103F-16F7-4668-BE54-9A1E7A4F7556}") = "Service.Category.IntegrationTests", "Example\Tests\Service.Category.IntegrationTests\Service.Category.IntegrationTests.csproj", "{2E41314B-0A66-41D8-BE28-1A54B1F0C28B}"
EndProject
Project("{9A19103F-16F7-4668-BE54-9A1E7A4F7556}") = "Common.E2ETests", "Example\Tests\Common.E2ETests\Common.E2ETests.csproj", "{49167BA1-51E7-4DC1-B4AA-DB723D682105}"
EndProject
Project("{2150E333-8FDC-42A3-9474-1A3956D46DE8}") = "Extensions", "Extensions", "{543652B0-4A5B-4BC3-863F-7102C12F4D6D}"
EndProject
Project("{9A19103F-16F7-4668-BE54-9A1E7A4F7556}") = "Minded.Extensions.Logging", "Extensions\Minded.Extensions.Logging\Minded.Extensions.Logging.csproj", "{08181291-6C53-4981-B60F-DA1D0E40E4A6}"
EndProject
Project("{9A19103F-16F7-4668-BE54-9A1E7A4F7556}") = "Minded.Extensions.Caching", "Extensions\Minded.Extensions.Caching\Minded.Extensions.Caching.csproj", "{30CB80EA-E175-447D-B4EA-301FD46E2C31}"
EndProject
Project("{9A19103F-16F7-4668-BE54-9A1E7A4F7556}") = "Minded.Extensions.Validation", "Extensions\Minded.Extensions.Validation\Minded.Extensions.Validation.csproj", "{33154598-6349-4ADB-800B-39322B975921}"
EndProject
Project("{9A19103F-16F7-4668-BE54-9A1E7A4F7556}") = "Minded.Extensions.WebApi", "Extensions\Minded.Extensions.WebApi\Minded.Extensions.WebApi.csproj", "{F3325ED4-5E4C-403F-900C-24F1A757E594}"
EndProject
Project("{9A19103F-16F7-4668-BE54-9A1E7A4F7556}") = "Minded.Extensions.OData", "Extensions\Minded.Extensions.OData\Minded.Extensions.OData.csproj", "{C9A6263F-94DA-496A-9C3C-B1E70781F07A}"
EndProject
Project("{9A19103F-16F7-4668-BE54-9A1E7A4F7556}") = "Minded.Extensions.Transaction", "Extensions\Minded.Extensions.Transaction\Minded.Extensions.Transaction.csproj", "{3544E88D-658B-4353-B1FA-15E435BAE41A}"
EndProject
Project("{9A19103F-16F7-4668-BE54-9A1E7A4F7556}") = "Minded.Extensions.Configuration", "Extensions\Minded.Extensions.Configuration\Minded.Extensions.Configuration.csproj", "{7E96D1C1-22CB-494D-A3DE-8E7669EB2FC8}"
EndProject
Project("{9A19103F-16F7-4668-BE54-9A1E7A4F7556}") = "Minded.Extensions.Exception", "Extensions\Minded.Extensions.Exception\Minded.Extensions.Exception.csproj", "{15832468-08B9-4A3F-9780-8C2E82DA8B30}"
EndProject
Project("{2150E333-8FDC-42A3-9474-1A3956D46DE8}") = "Framework", "Framework", "{C0DEFF54-65E3-4EE5-9D00-F20C0A8040FF}"
EndProject
Project("{9A19103F-16F7-4668-BE54-9A1E7A4F7556}") = "Minded.Framework.CQRS", "Framework\Minded.Framework.CQRS\Minded.Framework.CQRS.csproj", "{DBD06316-A7D4-49D6-857C-D4B2812F15F9}"
EndProject
Project("{9A19103F-16F7-4668-BE54-9A1E7A4F7556}") = "Minded.Framework.Mediator", "Framework\Minded.Framework.Mediator\Minded.Framework.Mediator.csproj", "{966E03C1-B7BB-4EC1-AE2A-4F925DA9463C}"
EndProject
Project("{9A19103F-16F7-4668-BE54-9A1E7A4F7556}") = "Minded.Extensions.Decorator", "Extensions\Minded.Extensions.Decorator\Minded.Extensions.Decorator.csproj", "{435248EE-D829-43FB-9669-60A441C186CF}"
EndProject
Project("{9A19103F-16F7-4668-BE54-9A1E7A4F7556}") = "Minded.Framework.CQRS.Abstractions", "Framework\Minded.Framework.CQRS.Abstractions\Minded.Framework.CQRS.Abstractions.csproj", "{F3C7B8BF-9112-4D56-8C8D-3B21D00D53A8}"
EndProject
Project("{9A19103F-16F7-4668-BE54-9A1E7A4F7556}") = "Minded.Framework.Mediator.Abstractions", "Framework\Minded.Framework.Mediator.Abstractions\Minded.Framework.Mediator.Abstractions.csproj", "{B9136789-AE91-4487-BDA0-B78411629BA8}"
EndProject
Project("{9A19103F-16F7-4668-BE54-9A1E7A4F7556}") = "Minded.Extensions.Validation.Abstractions", "Extensions\Minded.Extensions.Validation.Abstractions\Minded.Extensions.Validation.Abstractions.csproj", "{B0D372CC-2D21-467F-BEF9-2F9507F3DF51}"
EndProject
Project("{2150E333-8FDC-42A3-9474-1A3956D46DE8}") = "Solution Items", "Solution Items", "{1F1A4017-C52C-4FFB-9DFA-0BEC7ABB2DF8}"
	ProjectSection(SolutionItems) = preProject
		azure-pipelines.yml = azure-pipelines.yml
		LICENSE = LICENSE
		Minded-128.png = Minded-128.png
		minded.ico = minded.ico
		README.md = README.md
		ToDo.txt = ToDo.txt
	EndProjectSection
EndProject
Project("{9A19103F-16F7-4668-BE54-9A1E7A4F7556}") = "Service.Common", "Example\Service.Common\Service.Common.csproj", "{BA6C722A-EBAF-4ECE-AFCE-5E3CAD1A9036}"
EndProject
Global
	GlobalSection(SolutionConfigurationPlatforms) = preSolution
		Debug|Any CPU = Debug|Any CPU
		Release|Any CPU = Release|Any CPU
	EndGlobalSection
	GlobalSection(ProjectConfigurationPlatforms) = postSolution
		{4E02B562-8621-4525-86ED-D4BD04125258}.Debug|Any CPU.ActiveCfg = Debug|Any CPU
		{4E02B562-8621-4525-86ED-D4BD04125258}.Debug|Any CPU.Build.0 = Debug|Any CPU
		{4E02B562-8621-4525-86ED-D4BD04125258}.Release|Any CPU.ActiveCfg = Release|Any CPU
		{4E02B562-8621-4525-86ED-D4BD04125258}.Release|Any CPU.Build.0 = Release|Any CPU
		{C0F023B4-925B-492C-8331-E347568F6AD5}.Debug|Any CPU.ActiveCfg = Debug|Any CPU
		{C0F023B4-925B-492C-8331-E347568F6AD5}.Debug|Any CPU.Build.0 = Debug|Any CPU
		{C0F023B4-925B-492C-8331-E347568F6AD5}.Release|Any CPU.ActiveCfg = Release|Any CPU
		{C0F023B4-925B-492C-8331-E347568F6AD5}.Release|Any CPU.Build.0 = Release|Any CPU
		{D74845D7-AFAD-4B03-A15E-1E30749D1470}.Debug|Any CPU.ActiveCfg = Debug|Any CPU
		{D74845D7-AFAD-4B03-A15E-1E30749D1470}.Debug|Any CPU.Build.0 = Debug|Any CPU
		{D74845D7-AFAD-4B03-A15E-1E30749D1470}.Release|Any CPU.ActiveCfg = Release|Any CPU
		{D74845D7-AFAD-4B03-A15E-1E30749D1470}.Release|Any CPU.Build.0 = Release|Any CPU
		{1B3B5E41-C194-4DE9-BD84-F9BEDC772AB4}.Debug|Any CPU.ActiveCfg = Debug|Any CPU
		{1B3B5E41-C194-4DE9-BD84-F9BEDC772AB4}.Debug|Any CPU.Build.0 = Debug|Any CPU
		{1B3B5E41-C194-4DE9-BD84-F9BEDC772AB4}.Release|Any CPU.ActiveCfg = Release|Any CPU
		{1B3B5E41-C194-4DE9-BD84-F9BEDC772AB4}.Release|Any CPU.Build.0 = Release|Any CPU
		{BDD85663-D9F0-4010-877C-E080AEA3131B}.Debug|Any CPU.ActiveCfg = Debug|Any CPU
		{BDD85663-D9F0-4010-877C-E080AEA3131B}.Debug|Any CPU.Build.0 = Debug|Any CPU
		{BDD85663-D9F0-4010-877C-E080AEA3131B}.Release|Any CPU.ActiveCfg = Release|Any CPU
		{BDD85663-D9F0-4010-877C-E080AEA3131B}.Release|Any CPU.Build.0 = Release|Any CPU
		{DFBE355D-94E7-4DE4-B514-B097D69D0872}.Debug|Any CPU.ActiveCfg = Debug|Any CPU
		{DFBE355D-94E7-4DE4-B514-B097D69D0872}.Debug|Any CPU.Build.0 = Debug|Any CPU
		{DFBE355D-94E7-4DE4-B514-B097D69D0872}.Release|Any CPU.ActiveCfg = Release|Any CPU
		{DFBE355D-94E7-4DE4-B514-B097D69D0872}.Release|Any CPU.Build.0 = Release|Any CPU
		{D7327255-6D19-4923-A890-536A952BCB21}.Debug|Any CPU.ActiveCfg = Debug|Any CPU
		{D7327255-6D19-4923-A890-536A952BCB21}.Debug|Any CPU.Build.0 = Debug|Any CPU
		{D7327255-6D19-4923-A890-536A952BCB21}.Release|Any CPU.ActiveCfg = Release|Any CPU
		{D7327255-6D19-4923-A890-536A952BCB21}.Release|Any CPU.Build.0 = Release|Any CPU
		{E44B1A72-7B3A-495B-9797-916C30C81039}.Debug|Any CPU.ActiveCfg = Debug|Any CPU
		{E44B1A72-7B3A-495B-9797-916C30C81039}.Debug|Any CPU.Build.0 = Debug|Any CPU
		{E44B1A72-7B3A-495B-9797-916C30C81039}.Release|Any CPU.ActiveCfg = Release|Any CPU
		{E44B1A72-7B3A-495B-9797-916C30C81039}.Release|Any CPU.Build.0 = Release|Any CPU
		{84D46170-3AB7-4628-A20E-2B08ABAA0B97}.Debug|Any CPU.ActiveCfg = Debug|Any CPU
		{84D46170-3AB7-4628-A20E-2B08ABAA0B97}.Debug|Any CPU.Build.0 = Debug|Any CPU
		{84D46170-3AB7-4628-A20E-2B08ABAA0B97}.Release|Any CPU.ActiveCfg = Release|Any CPU
		{84D46170-3AB7-4628-A20E-2B08ABAA0B97}.Release|Any CPU.Build.0 = Release|Any CPU
		{DACDA873-A5D7-4030-8DF6-128112168BC5}.Debug|Any CPU.ActiveCfg = Debug|Any CPU
		{DACDA873-A5D7-4030-8DF6-128112168BC5}.Debug|Any CPU.Build.0 = Debug|Any CPU
		{DACDA873-A5D7-4030-8DF6-128112168BC5}.Release|Any CPU.ActiveCfg = Release|Any CPU
		{DACDA873-A5D7-4030-8DF6-128112168BC5}.Release|Any CPU.Build.0 = Release|Any CPU
		{2D03D176-BC94-4DEF-B268-D4125617021C}.Debug|Any CPU.ActiveCfg = Debug|Any CPU
		{2D03D176-BC94-4DEF-B268-D4125617021C}.Debug|Any CPU.Build.0 = Debug|Any CPU
		{2D03D176-BC94-4DEF-B268-D4125617021C}.Release|Any CPU.ActiveCfg = Release|Any CPU
		{2D03D176-BC94-4DEF-B268-D4125617021C}.Release|Any CPU.Build.0 = Release|Any CPU
		{30487FD3-3BD2-4491-AD65-973E78DF294B}.Debug|Any CPU.ActiveCfg = Debug|Any CPU
		{30487FD3-3BD2-4491-AD65-973E78DF294B}.Debug|Any CPU.Build.0 = Debug|Any CPU
		{30487FD3-3BD2-4491-AD65-973E78DF294B}.Release|Any CPU.ActiveCfg = Release|Any CPU
		{30487FD3-3BD2-4491-AD65-973E78DF294B}.Release|Any CPU.Build.0 = Release|Any CPU
		{39911D99-0373-44C4-AC62-4387762030E1}.Debug|Any CPU.ActiveCfg = Debug|Any CPU
		{39911D99-0373-44C4-AC62-4387762030E1}.Debug|Any CPU.Build.0 = Debug|Any CPU
		{39911D99-0373-44C4-AC62-4387762030E1}.Release|Any CPU.ActiveCfg = Release|Any CPU
		{39911D99-0373-44C4-AC62-4387762030E1}.Release|Any CPU.Build.0 = Release|Any CPU
		{747C33C5-411F-4143-8BC5-A0D804852F47}.Debug|Any CPU.ActiveCfg = Debug|Any CPU
		{747C33C5-411F-4143-8BC5-A0D804852F47}.Debug|Any CPU.Build.0 = Debug|Any CPU
		{747C33C5-411F-4143-8BC5-A0D804852F47}.Release|Any CPU.ActiveCfg = Release|Any CPU
		{747C33C5-411F-4143-8BC5-A0D804852F47}.Release|Any CPU.Build.0 = Release|Any CPU
		{2E41314B-0A66-41D8-BE28-1A54B1F0C28B}.Debug|Any CPU.ActiveCfg = Debug|Any CPU
		{2E41314B-0A66-41D8-BE28-1A54B1F0C28B}.Debug|Any CPU.Build.0 = Debug|Any CPU
		{2E41314B-0A66-41D8-BE28-1A54B1F0C28B}.Release|Any CPU.ActiveCfg = Release|Any CPU
		{2E41314B-0A66-41D8-BE28-1A54B1F0C28B}.Release|Any CPU.Build.0 = Release|Any CPU
		{49167BA1-51E7-4DC1-B4AA-DB723D682105}.Debug|Any CPU.ActiveCfg = Debug|Any CPU
		{49167BA1-51E7-4DC1-B4AA-DB723D682105}.Debug|Any CPU.Build.0 = Debug|Any CPU
		{49167BA1-51E7-4DC1-B4AA-DB723D682105}.Release|Any CPU.ActiveCfg = Release|Any CPU
		{49167BA1-51E7-4DC1-B4AA-DB723D682105}.Release|Any CPU.Build.0 = Release|Any CPU
		{08181291-6C53-4981-B60F-DA1D0E40E4A6}.Debug|Any CPU.ActiveCfg = Debug|Any CPU
		{08181291-6C53-4981-B60F-DA1D0E40E4A6}.Debug|Any CPU.Build.0 = Debug|Any CPU
		{08181291-6C53-4981-B60F-DA1D0E40E4A6}.Release|Any CPU.ActiveCfg = Release|Any CPU
		{08181291-6C53-4981-B60F-DA1D0E40E4A6}.Release|Any CPU.Build.0 = Release|Any CPU
		{30CB80EA-E175-447D-B4EA-301FD46E2C31}.Debug|Any CPU.ActiveCfg = Debug|Any CPU
		{30CB80EA-E175-447D-B4EA-301FD46E2C31}.Debug|Any CPU.Build.0 = Debug|Any CPU
		{30CB80EA-E175-447D-B4EA-301FD46E2C31}.Release|Any CPU.ActiveCfg = Release|Any CPU
		{30CB80EA-E175-447D-B4EA-301FD46E2C31}.Release|Any CPU.Build.0 = Release|Any CPU
		{33154598-6349-4ADB-800B-39322B975921}.Debug|Any CPU.ActiveCfg = Debug|Any CPU
		{33154598-6349-4ADB-800B-39322B975921}.Debug|Any CPU.Build.0 = Debug|Any CPU
		{33154598-6349-4ADB-800B-39322B975921}.Release|Any CPU.ActiveCfg = Release|Any CPU
		{33154598-6349-4ADB-800B-39322B975921}.Release|Any CPU.Build.0 = Release|Any CPU
		{F3325ED4-5E4C-403F-900C-24F1A757E594}.Debug|Any CPU.ActiveCfg = Debug|Any CPU
		{F3325ED4-5E4C-403F-900C-24F1A757E594}.Debug|Any CPU.Build.0 = Debug|Any CPU
		{F3325ED4-5E4C-403F-900C-24F1A757E594}.Release|Any CPU.ActiveCfg = Release|Any CPU
		{F3325ED4-5E4C-403F-900C-24F1A757E594}.Release|Any CPU.Build.0 = Release|Any CPU
		{C9A6263F-94DA-496A-9C3C-B1E70781F07A}.Debug|Any CPU.ActiveCfg = Debug|Any CPU
		{C9A6263F-94DA-496A-9C3C-B1E70781F07A}.Debug|Any CPU.Build.0 = Debug|Any CPU
		{C9A6263F-94DA-496A-9C3C-B1E70781F07A}.Release|Any CPU.ActiveCfg = Release|Any CPU
		{C9A6263F-94DA-496A-9C3C-B1E70781F07A}.Release|Any CPU.Build.0 = Release|Any CPU
		{3544E88D-658B-4353-B1FA-15E435BAE41A}.Debug|Any CPU.ActiveCfg = Debug|Any CPU
		{3544E88D-658B-4353-B1FA-15E435BAE41A}.Debug|Any CPU.Build.0 = Debug|Any CPU
		{3544E88D-658B-4353-B1FA-15E435BAE41A}.Release|Any CPU.ActiveCfg = Release|Any CPU
		{3544E88D-658B-4353-B1FA-15E435BAE41A}.Release|Any CPU.Build.0 = Release|Any CPU
		{7E96D1C1-22CB-494D-A3DE-8E7669EB2FC8}.Debug|Any CPU.ActiveCfg = Debug|Any CPU
		{7E96D1C1-22CB-494D-A3DE-8E7669EB2FC8}.Debug|Any CPU.Build.0 = Debug|Any CPU
		{7E96D1C1-22CB-494D-A3DE-8E7669EB2FC8}.Release|Any CPU.ActiveCfg = Release|Any CPU
		{7E96D1C1-22CB-494D-A3DE-8E7669EB2FC8}.Release|Any CPU.Build.0 = Release|Any CPU
		{15832468-08B9-4A3F-9780-8C2E82DA8B30}.Debug|Any CPU.ActiveCfg = Debug|Any CPU
		{15832468-08B9-4A3F-9780-8C2E82DA8B30}.Debug|Any CPU.Build.0 = Debug|Any CPU
		{15832468-08B9-4A3F-9780-8C2E82DA8B30}.Release|Any CPU.ActiveCfg = Release|Any CPU
		{15832468-08B9-4A3F-9780-8C2E82DA8B30}.Release|Any CPU.Build.0 = Release|Any CPU
		{DBD06316-A7D4-49D6-857C-D4B2812F15F9}.Debug|Any CPU.ActiveCfg = Debug|Any CPU
		{DBD06316-A7D4-49D6-857C-D4B2812F15F9}.Debug|Any CPU.Build.0 = Debug|Any CPU
		{DBD06316-A7D4-49D6-857C-D4B2812F15F9}.Release|Any CPU.ActiveCfg = Release|Any CPU
		{DBD06316-A7D4-49D6-857C-D4B2812F15F9}.Release|Any CPU.Build.0 = Release|Any CPU
		{966E03C1-B7BB-4EC1-AE2A-4F925DA9463C}.Debug|Any CPU.ActiveCfg = Debug|Any CPU
		{966E03C1-B7BB-4EC1-AE2A-4F925DA9463C}.Debug|Any CPU.Build.0 = Debug|Any CPU
		{966E03C1-B7BB-4EC1-AE2A-4F925DA9463C}.Release|Any CPU.ActiveCfg = Release|Any CPU
		{966E03C1-B7BB-4EC1-AE2A-4F925DA9463C}.Release|Any CPU.Build.0 = Release|Any CPU
		{435248EE-D829-43FB-9669-60A441C186CF}.Debug|Any CPU.ActiveCfg = Debug|Any CPU
		{435248EE-D829-43FB-9669-60A441C186CF}.Debug|Any CPU.Build.0 = Debug|Any CPU
		{435248EE-D829-43FB-9669-60A441C186CF}.Release|Any CPU.ActiveCfg = Release|Any CPU
		{435248EE-D829-43FB-9669-60A441C186CF}.Release|Any CPU.Build.0 = Release|Any CPU
		{F3C7B8BF-9112-4D56-8C8D-3B21D00D53A8}.Debug|Any CPU.ActiveCfg = Debug|Any CPU
		{F3C7B8BF-9112-4D56-8C8D-3B21D00D53A8}.Debug|Any CPU.Build.0 = Debug|Any CPU
		{F3C7B8BF-9112-4D56-8C8D-3B21D00D53A8}.Release|Any CPU.ActiveCfg = Release|Any CPU
		{F3C7B8BF-9112-4D56-8C8D-3B21D00D53A8}.Release|Any CPU.Build.0 = Release|Any CPU
		{B9136789-AE91-4487-BDA0-B78411629BA8}.Debug|Any CPU.ActiveCfg = Debug|Any CPU
		{B9136789-AE91-4487-BDA0-B78411629BA8}.Debug|Any CPU.Build.0 = Debug|Any CPU
		{B9136789-AE91-4487-BDA0-B78411629BA8}.Release|Any CPU.ActiveCfg = Release|Any CPU
		{B9136789-AE91-4487-BDA0-B78411629BA8}.Release|Any CPU.Build.0 = Release|Any CPU
		{B0D372CC-2D21-467F-BEF9-2F9507F3DF51}.Debug|Any CPU.ActiveCfg = Debug|Any CPU
		{B0D372CC-2D21-467F-BEF9-2F9507F3DF51}.Debug|Any CPU.Build.0 = Debug|Any CPU
		{B0D372CC-2D21-467F-BEF9-2F9507F3DF51}.Release|Any CPU.ActiveCfg = Release|Any CPU
		{B0D372CC-2D21-467F-BEF9-2F9507F3DF51}.Release|Any CPU.Build.0 = Release|Any CPU
		{BA6C722A-EBAF-4ECE-AFCE-5E3CAD1A9036}.Debug|Any CPU.ActiveCfg = Debug|Any CPU
		{BA6C722A-EBAF-4ECE-AFCE-5E3CAD1A9036}.Debug|Any CPU.Build.0 = Debug|Any CPU
		{BA6C722A-EBAF-4ECE-AFCE-5E3CAD1A9036}.Release|Any CPU.ActiveCfg = Release|Any CPU
		{BA6C722A-EBAF-4ECE-AFCE-5E3CAD1A9036}.Release|Any CPU.Build.0 = Release|Any CPU
	EndGlobalSection
	GlobalSection(SolutionProperties) = preSolution
		HideSolutionNode = FALSE
	EndGlobalSection
	GlobalSection(NestedProjects) = preSolution
		{4E02B562-8621-4525-86ED-D4BD04125258} = {36B04108-D4FB-47CB-A940-868A45577D2F}
		{C0F023B4-925B-492C-8331-E347568F6AD5} = {36B04108-D4FB-47CB-A940-868A45577D2F}
		{D74845D7-AFAD-4B03-A15E-1E30749D1470} = {36B04108-D4FB-47CB-A940-868A45577D2F}
		{1B3B5E41-C194-4DE9-BD84-F9BEDC772AB4} = {36B04108-D4FB-47CB-A940-868A45577D2F}
		{BDD85663-D9F0-4010-877C-E080AEA3131B} = {36B04108-D4FB-47CB-A940-868A45577D2F}
		{DFBE355D-94E7-4DE4-B514-B097D69D0872} = {36B04108-D4FB-47CB-A940-868A45577D2F}
		{D7327255-6D19-4923-A890-536A952BCB21} = {36B04108-D4FB-47CB-A940-868A45577D2F}
		{5A2EDD04-388A-4312-8F25-13D9D069611F} = {36B04108-D4FB-47CB-A940-868A45577D2F}
		{E44B1A72-7B3A-495B-9797-916C30C81039} = {36B04108-D4FB-47CB-A940-868A45577D2F}
		{BDAB6BB9-4729-4743-BC67-29D8721BB7F1} = {5A2EDD04-388A-4312-8F25-13D9D069611F}
		{B98CFFDC-8E51-4503-A0BE-E8A7F06D12AB} = {5A2EDD04-388A-4312-8F25-13D9D069611F}
		{B4B28A1B-B438-4413-BEF0-4B564D865B7B} = {5A2EDD04-388A-4312-8F25-13D9D069611F}
		{C6F1CBF1-7EE1-44C9-9823-367D827977BB} = {5A2EDD04-388A-4312-8F25-13D9D069611F}
		{84D46170-3AB7-4628-A20E-2B08ABAA0B97} = {B98CFFDC-8E51-4503-A0BE-E8A7F06D12AB}
		{DACDA873-A5D7-4030-8DF6-128112168BC5} = {B98CFFDC-8E51-4503-A0BE-E8A7F06D12AB}
		{2D03D176-BC94-4DEF-B268-D4125617021C} = {B4B28A1B-B438-4413-BEF0-4B564D865B7B}
		{30487FD3-3BD2-4491-AD65-973E78DF294B} = {BDAB6BB9-4729-4743-BC67-29D8721BB7F1}
		{39911D99-0373-44C4-AC62-4387762030E1} = {BDAB6BB9-4729-4743-BC67-29D8721BB7F1}
		{747C33C5-411F-4143-8BC5-A0D804852F47} = {C6F1CBF1-7EE1-44C9-9823-367D827977BB}
		{2E41314B-0A66-41D8-BE28-1A54B1F0C28B} = {B4B28A1B-B438-4413-BEF0-4B564D865B7B}
		{49167BA1-51E7-4DC1-B4AA-DB723D682105} = {BDAB6BB9-4729-4743-BC67-29D8721BB7F1}
		{08181291-6C53-4981-B60F-DA1D0E40E4A6} = {543652B0-4A5B-4BC3-863F-7102C12F4D6D}
		{30CB80EA-E175-447D-B4EA-301FD46E2C31} = {543652B0-4A5B-4BC3-863F-7102C12F4D6D}
		{33154598-6349-4ADB-800B-39322B975921} = {543652B0-4A5B-4BC3-863F-7102C12F4D6D}
		{F3325ED4-5E4C-403F-900C-24F1A757E594} = {543652B0-4A5B-4BC3-863F-7102C12F4D6D}
		{C9A6263F-94DA-496A-9C3C-B1E70781F07A} = {543652B0-4A5B-4BC3-863F-7102C12F4D6D}
		{3544E88D-658B-4353-B1FA-15E435BAE41A} = {543652B0-4A5B-4BC3-863F-7102C12F4D6D}
		{7E96D1C1-22CB-494D-A3DE-8E7669EB2FC8} = {543652B0-4A5B-4BC3-863F-7102C12F4D6D}
		{15832468-08B9-4A3F-9780-8C2E82DA8B30} = {543652B0-4A5B-4BC3-863F-7102C12F4D6D}
		{DBD06316-A7D4-49D6-857C-D4B2812F15F9} = {C0DEFF54-65E3-4EE5-9D00-F20C0A8040FF}
		{966E03C1-B7BB-4EC1-AE2A-4F925DA9463C} = {C0DEFF54-65E3-4EE5-9D00-F20C0A8040FF}
		{435248EE-D829-43FB-9669-60A441C186CF} = {C0DEFF54-65E3-4EE5-9D00-F20C0A8040FF}
		{F3C7B8BF-9112-4D56-8C8D-3B21D00D53A8} = {C0DEFF54-65E3-4EE5-9D00-F20C0A8040FF}
		{B9136789-AE91-4487-BDA0-B78411629BA8} = {C0DEFF54-65E3-4EE5-9D00-F20C0A8040FF}
		{B0D372CC-2D21-467F-BEF9-2F9507F3DF51} = {543652B0-4A5B-4BC3-863F-7102C12F4D6D}
		{BA6C722A-EBAF-4ECE-AFCE-5E3CAD1A9036} = {36B04108-D4FB-47CB-A940-868A45577D2F}
	EndGlobalSection
	GlobalSection(ExtensibilityGlobals) = postSolution
		SolutionGuid = {7C9F706B-19EF-445C-9AF7-246B32541C7F}
	EndGlobalSection
EndGlobal
