
Microsoft Visual Studio Solution File, Format Version 12.00
# Visual Studio Version 17
VisualStudioVersion = 17.1.32407.343
MinimumVisualStudioVersion = 10.0.40219.1
Project("{2150E333-8FDC-42A3-9474-1A3956D46DE8}") = "Example", "Example", "{36B04108-D4FB-47CB-A940-868A45577D2F}"
EndProject
Project("{9A19103F-16F7-4668-BE54-9A1E7A4F7556}") = "Application.Api", "Example\Application.Api\Application.Api.csproj", "{4E02B562-8621-4525-86ED-D4BD04125258}"
EndProject
Project("{9A19103F-16F7-4668-BE54-9A1E7A4F7556}") = "Common.Log", "Example\Common.Log\Common.Log.csproj", "{C0F023B4-925B-492C-8331-E347568F6AD5}"
EndProject
Project("{9A19103F-16F7-4668-BE54-9A1E7A4F7556}") = "Data.Common", "Example\Data.Common\Data.Common.csproj", "{D74845D7-AFAD-4B03-A15E-1E30749D1470}"
EndProject
Project("{9A19103F-16F7-4668-BE54-9A1E7A4F7556}") = "Data.Context", "Example\Data.Context\Data.Context.csproj", "{1B3B5E41-C194-4DE9-BD84-F9BEDC772AB4}"
EndProject
Project("{9A19103F-16F7-4668-BE54-9A1E7A4F7556}") = "Data.Entity", "Example\Data.Entity\Data.Entity.csproj", "{BDD85663-D9F0-4010-877C-E080AEA3131B}"
EndProject
Project("{9A19103F-16F7-4668-BE54-9A1E7A4F7556}") = "Service.Category", "Example\Service.Category\Service.Category.csproj", "{DFBE355D-94E7-4DE4-B514-B097D69D0872}"
EndProject
Project("{9A19103F-16F7-4668-BE54-9A1E7A4F7556}") = "Service.Transaction", "Example\Service.Transaction\Service.Transaction.csproj", "{D7327255-6D19-4923-A890-536A952BCB21}"
EndProject
Project("{2150E333-8FDC-42A3-9474-1A3956D46DE8}") = "Tests", "Tests", "{5A2EDD04-388A-4312-8F25-13D9D069611F}"
EndProject
Project("{9A19103F-16F7-4668-BE54-9A1E7A4F7556}") = "Common.Configuration", "Example\Common.Configuration\Common.Configuration.csproj", "{E44B1A72-7B3A-495B-9797-916C30C81039}"
EndProject
Project("{2150E333-8FDC-42A3-9474-1A3956D46DE8}") = "Common", "Common", "{BDAB6BB9-4729-4743-BC67-29D8721BB7F1}"
EndProject
Project("{2150E333-8FDC-42A3-9474-1A3956D46DE8}") = "Unit", "Unit", "{B98CFFDC-8E51-4503-A0BE-E8A7F06D12AB}"
EndProject
Project("{2150E333-8FDC-42A3-9474-1A3956D46DE8}") = "Integration", "Integration", "{B4B28A1B-B438-4413-BEF0-4B564D865B7B}"
EndProject
Project("{2150E333-8FDC-42A3-9474-1A3956D46DE8}") = "E2E", "E2E", "{C6F1CBF1-7EE1-44C9-9823-367D827977BB}"
EndProject
Project("{9A19103F-16F7-4668-BE54-9A1E7A4F7556}") = "Application.Api.Tests", "Example\Tests\Application.Api.Tests\Application.Api.Tests.csproj", "{84D46170-3AB7-4628-A20E-2B08ABAA0B97}"
EndProject
Project("{9A19103F-16F7-4668-BE54-9A1E7A4F7556}") = "Service.Category.Tests", "Example\Tests\Service.Category.Tests\Service.Category.Tests.csproj", "{DACDA873-A5D7-4030-8DF6-128112168BC5}"
EndProject
Project("{9A19103F-16F7-4668-BE54-9A1E7A4F7556}") = "Service.Transaction.IntegrationTests", "Example\Tests\Service.Transaction.IntegrationTests\Service.Transaction.IntegrationTests.csproj", "{2D03D176-BC94-4DEF-B268-D4125617021C}"
EndProject
Project("{9A19103F-16F7-4668-BE54-9A1E7A4F7556}") = "Common.Tests", "Example\Tests\Common.Tests\Common.Tests.csproj", "{30487FD3-3BD2-4491-AD65-973E78DF294B}"
EndProject
Project("{9A19103F-16F7-4668-BE54-9A1E7A4F7556}") = "Common.IntegrationTests", "Example\Tests\Common.Integration.Tests\Common.IntegrationTests.csproj", "{39911D99-0373-44C4-AC62-4387762030E1}"
EndProject
Project("{9A19103F-16F7-4668-BE54-9A1E7A4F7556}") = "Application.Api.E2ETests", "Example\Tests\Application.Api.E2ETests\Application.Api.E2ETests.csproj", "{747C33C5-411F-4143-8BC5-A0D804852F47}"
EndProject
Project("{9A19103F-16F7-4668-BE54-9A1E7A4F7556}") = "Service.Category.IntegrationTests", "Example\Tests\Service.Category.IntegrationTests\Service.Category.IntegrationTests.csproj", "{2E41314B-0A66-41D8-BE28-1A54B1F0C28B}"
EndProject
Project("{9A19103F-16F7-4668-BE54-9A1E7A4F7556}") = "Common.E2ETests", "Example\Tests\Common.E2ETests\Common.E2ETests.csproj", "{49167BA1-51E7-4DC1-B4AA-DB723D682105}"
EndProject
Project("{2150E333-8FDC-42A3-9474-1A3956D46DE8}") = "Solution Items", "Solution Items", "{1F1A4017-C52C-4FFB-9DFA-0BEC7ABB2DF8}"
	ProjectSection(SolutionItems) = preProject
		azure-pipelines.yml = azure-pipelines.yml
		key.snk = key.snk
		LICENSE = LICENSE
		Minded-128.png = Minded-128.png
		minded.ico = minded.ico
		README.md = README.md
		ToDo.txt = ToDo.txt
	EndProjectSection
EndProject
Project("{9A19103F-16F7-4668-BE54-9A1E7A4F7556}") = "Service.Common", "Example\Service.Common\Service.Common.csproj", "{BA6C722A-EBAF-4ECE-AFCE-5E3CAD1A9036}"
EndProject
Project("{9A19103F-16F7-4668-BE54-9A1E7A4F7556}") = "Minded.Extensions.CQRS.EntityFrameworkCore", "Extensions\Minded.Extensions.CQRS.EntityFrameworkCore\Minded.Extensions.CQRS.EntityFrameworkCore.csproj", "{222C327C-2811-41A7-A5D5-D60C87E602AF}"
EndProject
Project("{9A19103F-16F7-4668-BE54-9A1E7A4F7556}") = "Minded.Extensions.CQRS.OData", "Extensions\Minded.Extensions.CQRS.OData\Minded.Extensions.CQRS.OData.csproj", "{F81DAC85-7E38-409C-B9AD-47993201FE7F}"
EndProject
Project("{9A19103F-16F7-4668-BE54-9A1E7A4F7556}") = "Minded.Framework.CQRS", "Framework\Minded.Framework.CQRS\Minded.Framework.CQRS.csproj", "{13117D85-4923-4E36-A4F7-B0D62EA0212E}"
EndProject
Project("{9A19103F-16F7-4668-BE54-9A1E7A4F7556}") = "Minded.Framework.CQRS.Abstractions", "Framework\Minded.Framework.CQRS.Abstractions\Minded.Framework.CQRS.Abstractions.csproj", "{8771F775-FE9C-4579-BC52-015700EA7C94}"
EndProject
Project("{9A19103F-16F7-4668-BE54-9A1E7A4F7556}") = "Minded.Extensions.Validation", "Extensions\Minded.Extensions.Validation\Minded.Extensions.Validation.csproj", "{C65C9E83-BB87-42B9-989D-6117225D9E05}"
EndProject
Project("{9A19103F-16F7-4668-BE54-9A1E7A4F7556}") = "Minded.Extensions.WebApi", "Extensions\Minded.Extensions.WebApi\Minded.Extensions.WebApi.csproj", "{D6B4DCEC-6056-4297-9DB7-3FD2D82852E0}"
EndProject
Project("{9A19103F-16F7-4668-BE54-9A1E7A4F7556}") = "Minded.Extensions.Logging", "Extensions\Minded.Extensions.Logging\Minded.Extensions.Logging.csproj", "{6FDE45D8-2194-445F-B18E-9E9C953C721B}"
EndProject
Project("{9A19103F-16F7-4668-BE54-9A1E7A4F7556}") = "Minded.Extensions.Configuration", "Extensions\Minded.Extensions.Configuration\Minded.Extensions.Configuration.csproj", "{71E8C33E-5D9B-4A3E-9539-1E823CF67F29}"
EndProject
Project("{9A19103F-16F7-4668-BE54-9A1E7A4F7556}") = "Minded.Extensions.Exception", "Extensions\Minded.Extensions.Exception\Minded.Extensions.Exception.csproj", "{93A1154E-1648-42F0-92C1-01B7A0D34420}"
EndProject
Project("{9A19103F-16F7-4668-BE54-9A1E7A4F7556}") = "Minded.Extensions.Validation.Abstractions", "Extensions\Minded.Extensions.Validation.Abstractions\Minded.Extensions.Validation.Abstractions.csproj", "{4365249D-4A87-444E-8A40-CFA3DEEC8492}"
EndProject
Project("{9A19103F-16F7-4668-BE54-9A1E7A4F7556}") = "Minded.Framework.Mediator.Abstractions", "Framework\Minded.Framework.Mediator.Abstractions\Minded.Framework.Mediator.Abstractions.csproj", "{3724FEB3-AE4F-4D31-849F-847B4892AF9E}"
EndProject
Project("{9A19103F-16F7-4668-BE54-9A1E7A4F7556}") = "Minded.Framework.Mediator", "Framework\Minded.Framework.Mediator\Minded.Framework.Mediator.csproj", "{45B3BE75-695C-4A96-886B-FE9E989F5913}"
EndProject
Project("{9A19103F-16F7-4668-BE54-9A1E7A4F7556}") = "Minded.Framework.Decorator", "Framework\Minded.Framework.Decorator\Minded.Framework.Decorator.csproj", "{70885C73-B40A-4ADB-A14F-19C2092D73FE}"
EndProject
Global
	GlobalSection(SolutionConfigurationPlatforms) = preSolution
		Debug|Any CPU = Debug|Any CPU
		Release|Any CPU = Release|Any CPU
	EndGlobalSection
	GlobalSection(ProjectConfigurationPlatforms) = postSolution
		{4E02B562-8621-4525-86ED-D4BD04125258}.Debug|Any CPU.ActiveCfg = Debug|Any CPU
		{4E02B562-8621-4525-86ED-D4BD04125258}.Debug|Any CPU.Build.0 = Debug|Any CPU
		{4E02B562-8621-4525-86ED-D4BD04125258}.Release|Any CPU.ActiveCfg = Release|Any CPU
		{4E02B562-8621-4525-86ED-D4BD04125258}.Release|Any CPU.Build.0 = Release|Any CPU
		{C0F023B4-925B-492C-8331-E347568F6AD5}.Debug|Any CPU.ActiveCfg = Debug|Any CPU
		{C0F023B4-925B-492C-8331-E347568F6AD5}.Debug|Any CPU.Build.0 = Debug|Any CPU
		{C0F023B4-925B-492C-8331-E347568F6AD5}.Release|Any CPU.ActiveCfg = Release|Any CPU
		{C0F023B4-925B-492C-8331-E347568F6AD5}.Release|Any CPU.Build.0 = Release|Any CPU
		{D74845D7-AFAD-4B03-A15E-1E30749D1470}.Debug|Any CPU.ActiveCfg = Debug|Any CPU
		{D74845D7-AFAD-4B03-A15E-1E30749D1470}.Debug|Any CPU.Build.0 = Debug|Any CPU
		{D74845D7-AFAD-4B03-A15E-1E30749D1470}.Release|Any CPU.ActiveCfg = Release|Any CPU
		{D74845D7-AFAD-4B03-A15E-1E30749D1470}.Release|Any CPU.Build.0 = Release|Any CPU
		{1B3B5E41-C194-4DE9-BD84-F9BEDC772AB4}.Debug|Any CPU.ActiveCfg = Debug|Any CPU
		{1B3B5E41-C194-4DE9-BD84-F9BEDC772AB4}.Debug|Any CPU.Build.0 = Debug|Any CPU
		{1B3B5E41-C194-4DE9-BD84-F9BEDC772AB4}.Release|Any CPU.ActiveCfg = Release|Any CPU
		{1B3B5E41-C194-4DE9-BD84-F9BEDC772AB4}.Release|Any CPU.Build.0 = Release|Any CPU
		{BDD85663-D9F0-4010-877C-E080AEA3131B}.Debug|Any CPU.ActiveCfg = Debug|Any CPU
		{BDD85663-D9F0-4010-877C-E080AEA3131B}.Debug|Any CPU.Build.0 = Debug|Any CPU
		{BDD85663-D9F0-4010-877C-E080AEA3131B}.Release|Any CPU.ActiveCfg = Release|Any CPU
		{BDD85663-D9F0-4010-877C-E080AEA3131B}.Release|Any CPU.Build.0 = Release|Any CPU
		{DFBE355D-94E7-4DE4-B514-B097D69D0872}.Debug|Any CPU.ActiveCfg = Debug|Any CPU
		{DFBE355D-94E7-4DE4-B514-B097D69D0872}.Debug|Any CPU.Build.0 = Debug|Any CPU
		{DFBE355D-94E7-4DE4-B514-B097D69D0872}.Release|Any CPU.ActiveCfg = Release|Any CPU
		{DFBE355D-94E7-4DE4-B514-B097D69D0872}.Release|Any CPU.Build.0 = Release|Any CPU
		{D7327255-6D19-4923-A890-536A952BCB21}.Debug|Any CPU.ActiveCfg = Debug|Any CPU
		{D7327255-6D19-4923-A890-536A952BCB21}.Debug|Any CPU.Build.0 = Debug|Any CPU
		{D7327255-6D19-4923-A890-536A952BCB21}.Release|Any CPU.ActiveCfg = Release|Any CPU
		{D7327255-6D19-4923-A890-536A952BCB21}.Release|Any CPU.Build.0 = Release|Any CPU
		{E44B1A72-7B3A-495B-9797-916C30C81039}.Debug|Any CPU.ActiveCfg = Debug|Any CPU
		{E44B1A72-7B3A-495B-9797-916C30C81039}.Debug|Any CPU.Build.0 = Debug|Any CPU
		{E44B1A72-7B3A-495B-9797-916C30C81039}.Release|Any CPU.ActiveCfg = Release|Any CPU
		{E44B1A72-7B3A-495B-9797-916C30C81039}.Release|Any CPU.Build.0 = Release|Any CPU
		{84D46170-3AB7-4628-A20E-2B08ABAA0B97}.Debug|Any CPU.ActiveCfg = Debug|Any CPU
		{84D46170-3AB7-4628-A20E-2B08ABAA0B97}.Debug|Any CPU.Build.0 = Debug|Any CPU
		{84D46170-3AB7-4628-A20E-2B08ABAA0B97}.Release|Any CPU.ActiveCfg = Release|Any CPU
		{84D46170-3AB7-4628-A20E-2B08ABAA0B97}.Release|Any CPU.Build.0 = Release|Any CPU
		{DACDA873-A5D7-4030-8DF6-128112168BC5}.Debug|Any CPU.ActiveCfg = Debug|Any CPU
		{DACDA873-A5D7-4030-8DF6-128112168BC5}.Debug|Any CPU.Build.0 = Debug|Any CPU
		{DACDA873-A5D7-4030-8DF6-128112168BC5}.Release|Any CPU.ActiveCfg = Release|Any CPU
		{DACDA873-A5D7-4030-8DF6-128112168BC5}.Release|Any CPU.Build.0 = Release|Any CPU
		{2D03D176-BC94-4DEF-B268-D4125617021C}.Debug|Any CPU.ActiveCfg = Debug|Any CPU
		{2D03D176-BC94-4DEF-B268-D4125617021C}.Debug|Any CPU.Build.0 = Debug|Any CPU
		{2D03D176-BC94-4DEF-B268-D4125617021C}.Release|Any CPU.ActiveCfg = Release|Any CPU
		{2D03D176-BC94-4DEF-B268-D4125617021C}.Release|Any CPU.Build.0 = Release|Any CPU
		{30487FD3-3BD2-4491-AD65-973E78DF294B}.Debug|Any CPU.ActiveCfg = Debug|Any CPU
		{30487FD3-3BD2-4491-AD65-973E78DF294B}.Debug|Any CPU.Build.0 = Debug|Any CPU
		{30487FD3-3BD2-4491-AD65-973E78DF294B}.Release|Any CPU.ActiveCfg = Release|Any CPU
		{30487FD3-3BD2-4491-AD65-973E78DF294B}.Release|Any CPU.Build.0 = Release|Any CPU
		{39911D99-0373-44C4-AC62-4387762030E1}.Debug|Any CPU.ActiveCfg = Debug|Any CPU
		{39911D99-0373-44C4-AC62-4387762030E1}.Debug|Any CPU.Build.0 = Debug|Any CPU
		{39911D99-0373-44C4-AC62-4387762030E1}.Release|Any CPU.ActiveCfg = Release|Any CPU
		{39911D99-0373-44C4-AC62-4387762030E1}.Release|Any CPU.Build.0 = Release|Any CPU
		{747C33C5-411F-4143-8BC5-A0D804852F47}.Debug|Any CPU.ActiveCfg = Debug|Any CPU
		{747C33C5-411F-4143-8BC5-A0D804852F47}.Debug|Any CPU.Build.0 = Debug|Any CPU
		{747C33C5-411F-4143-8BC5-A0D804852F47}.Release|Any CPU.ActiveCfg = Release|Any CPU
		{747C33C5-411F-4143-8BC5-A0D804852F47}.Release|Any CPU.Build.0 = Release|Any CPU
		{2E41314B-0A66-41D8-BE28-1A54B1F0C28B}.Debug|Any CPU.ActiveCfg = Debug|Any CPU
		{2E41314B-0A66-41D8-BE28-1A54B1F0C28B}.Debug|Any CPU.Build.0 = Debug|Any CPU
		{2E41314B-0A66-41D8-BE28-1A54B1F0C28B}.Release|Any CPU.ActiveCfg = Release|Any CPU
		{2E41314B-0A66-41D8-BE28-1A54B1F0C28B}.Release|Any CPU.Build.0 = Release|Any CPU
		{49167BA1-51E7-4DC1-B4AA-DB723D682105}.Debug|Any CPU.ActiveCfg = Debug|Any CPU
		{49167BA1-51E7-4DC1-B4AA-DB723D682105}.Debug|Any CPU.Build.0 = Debug|Any CPU
		{49167BA1-51E7-4DC1-B4AA-DB723D682105}.Release|Any CPU.ActiveCfg = Release|Any CPU
		{49167BA1-51E7-4DC1-B4AA-DB723D682105}.Release|Any CPU.Build.0 = Release|Any CPU
		{BA6C722A-EBAF-4ECE-AFCE-5E3CAD1A9036}.Debug|Any CPU.ActiveCfg = Debug|Any CPU
		{BA6C722A-EBAF-4ECE-AFCE-5E3CAD1A9036}.Debug|Any CPU.Build.0 = Debug|Any CPU
		{BA6C722A-EBAF-4ECE-AFCE-5E3CAD1A9036}.Release|Any CPU.ActiveCfg = Release|Any CPU
		{BA6C722A-EBAF-4ECE-AFCE-5E3CAD1A9036}.Release|Any CPU.Build.0 = Release|Any CPU
		{222C327C-2811-41A7-A5D5-D60C87E602AF}.Debug|Any CPU.ActiveCfg = Debug|Any CPU
		{222C327C-2811-41A7-A5D5-D60C87E602AF}.Debug|Any CPU.Build.0 = Debug|Any CPU
		{222C327C-2811-41A7-A5D5-D60C87E602AF}.Release|Any CPU.ActiveCfg = Release|Any CPU
		{222C327C-2811-41A7-A5D5-D60C87E602AF}.Release|Any CPU.Build.0 = Release|Any CPU
		{F81DAC85-7E38-409C-B9AD-47993201FE7F}.Debug|Any CPU.ActiveCfg = Debug|Any CPU
		{F81DAC85-7E38-409C-B9AD-47993201FE7F}.Debug|Any CPU.Build.0 = Debug|Any CPU
		{F81DAC85-7E38-409C-B9AD-47993201FE7F}.Release|Any CPU.ActiveCfg = Release|Any CPU
		{F81DAC85-7E38-409C-B9AD-47993201FE7F}.Release|Any CPU.Build.0 = Release|Any CPU
		{13117D85-4923-4E36-A4F7-B0D62EA0212E}.Debug|Any CPU.ActiveCfg = Debug|Any CPU
		{13117D85-4923-4E36-A4F7-B0D62EA0212E}.Debug|Any CPU.Build.0 = Debug|Any CPU
		{13117D85-4923-4E36-A4F7-B0D62EA0212E}.Release|Any CPU.ActiveCfg = Release|Any CPU
		{13117D85-4923-4E36-A4F7-B0D62EA0212E}.Release|Any CPU.Build.0 = Release|Any CPU
		{8771F775-FE9C-4579-BC52-015700EA7C94}.Debug|Any CPU.ActiveCfg = Debug|Any CPU
		{8771F775-FE9C-4579-BC52-015700EA7C94}.Debug|Any CPU.Build.0 = Debug|Any CPU
		{8771F775-FE9C-4579-BC52-015700EA7C94}.Release|Any CPU.ActiveCfg = Release|Any CPU
		{8771F775-FE9C-4579-BC52-015700EA7C94}.Release|Any CPU.Build.0 = Release|Any CPU
		{C65C9E83-BB87-42B9-989D-6117225D9E05}.Debug|Any CPU.ActiveCfg = Debug|Any CPU
		{C65C9E83-BB87-42B9-989D-6117225D9E05}.Debug|Any CPU.Build.0 = Debug|Any CPU
		{C65C9E83-BB87-42B9-989D-6117225D9E05}.Release|Any CPU.ActiveCfg = Release|Any CPU
		{C65C9E83-BB87-42B9-989D-6117225D9E05}.Release|Any CPU.Build.0 = Release|Any CPU
		{D6B4DCEC-6056-4297-9DB7-3FD2D82852E0}.Debug|Any CPU.ActiveCfg = Debug|Any CPU
		{D6B4DCEC-6056-4297-9DB7-3FD2D82852E0}.Debug|Any CPU.Build.0 = Debug|Any CPU
		{D6B4DCEC-6056-4297-9DB7-3FD2D82852E0}.Release|Any CPU.ActiveCfg = Release|Any CPU
		{D6B4DCEC-6056-4297-9DB7-3FD2D82852E0}.Release|Any CPU.Build.0 = Release|Any CPU
		{6FDE45D8-2194-445F-B18E-9E9C953C721B}.Debug|Any CPU.ActiveCfg = Debug|Any CPU
		{6FDE45D8-2194-445F-B18E-9E9C953C721B}.Debug|Any CPU.Build.0 = Debug|Any CPU
		{6FDE45D8-2194-445F-B18E-9E9C953C721B}.Release|Any CPU.ActiveCfg = Release|Any CPU
		{6FDE45D8-2194-445F-B18E-9E9C953C721B}.Release|Any CPU.Build.0 = Release|Any CPU
		{71E8C33E-5D9B-4A3E-9539-1E823CF67F29}.Debug|Any CPU.ActiveCfg = Debug|Any CPU
		{71E8C33E-5D9B-4A3E-9539-1E823CF67F29}.Debug|Any CPU.Build.0 = Debug|Any CPU
		{71E8C33E-5D9B-4A3E-9539-1E823CF67F29}.Release|Any CPU.ActiveCfg = Release|Any CPU
		{71E8C33E-5D9B-4A3E-9539-1E823CF67F29}.Release|Any CPU.Build.0 = Release|Any CPU
		{93A1154E-1648-42F0-92C1-01B7A0D34420}.Debug|Any CPU.ActiveCfg = Debug|Any CPU
		{93A1154E-1648-42F0-92C1-01B7A0D34420}.Debug|Any CPU.Build.0 = Debug|Any CPU
		{93A1154E-1648-42F0-92C1-01B7A0D34420}.Release|Any CPU.ActiveCfg = Release|Any CPU
		{93A1154E-1648-42F0-92C1-01B7A0D34420}.Release|Any CPU.Build.0 = Release|Any CPU
		{4365249D-4A87-444E-8A40-CFA3DEEC8492}.Debug|Any CPU.ActiveCfg = Debug|Any CPU
		{4365249D-4A87-444E-8A40-CFA3DEEC8492}.Debug|Any CPU.Build.0 = Debug|Any CPU
		{4365249D-4A87-444E-8A40-CFA3DEEC8492}.Release|Any CPU.ActiveCfg = Release|Any CPU
		{4365249D-4A87-444E-8A40-CFA3DEEC8492}.Release|Any CPU.Build.0 = Release|Any CPU
		{3724FEB3-AE4F-4D31-849F-847B4892AF9E}.Debug|Any CPU.ActiveCfg = Debug|Any CPU
		{3724FEB3-AE4F-4D31-849F-847B4892AF9E}.Debug|Any CPU.Build.0 = Debug|Any CPU
		{3724FEB3-AE4F-4D31-849F-847B4892AF9E}.Release|Any CPU.ActiveCfg = Release|Any CPU
		{3724FEB3-AE4F-4D31-849F-847B4892AF9E}.Release|Any CPU.Build.0 = Release|Any CPU
		{45B3BE75-695C-4A96-886B-FE9E989F5913}.Debug|Any CPU.ActiveCfg = Debug|Any CPU
		{45B3BE75-695C-4A96-886B-FE9E989F5913}.Debug|Any CPU.Build.0 = Debug|Any CPU
		{45B3BE75-695C-4A96-886B-FE9E989F5913}.Release|Any CPU.ActiveCfg = Release|Any CPU
		{45B3BE75-695C-4A96-886B-FE9E989F5913}.Release|Any CPU.Build.0 = Release|Any CPU
		{70885C73-B40A-4ADB-A14F-19C2092D73FE}.Debug|Any CPU.ActiveCfg = Debug|Any CPU
		{70885C73-B40A-4ADB-A14F-19C2092D73FE}.Debug|Any CPU.Build.0 = Debug|Any CPU
		{70885C73-B40A-4ADB-A14F-19C2092D73FE}.Release|Any CPU.ActiveCfg = Release|Any CPU
		{70885C73-B40A-4ADB-A14F-19C2092D73FE}.Release|Any CPU.Build.0 = Release|Any CPU
	EndGlobalSection
	GlobalSection(SolutionProperties) = preSolution
		HideSolutionNode = FALSE
	EndGlobalSection
	GlobalSection(NestedProjects) = preSolution
		{4E02B562-8621-4525-86ED-D4BD04125258} = {36B04108-D4FB-47CB-A940-868A45577D2F}
		{C0F023B4-925B-492C-8331-E347568F6AD5} = {36B04108-D4FB-47CB-A940-868A45577D2F}
		{D74845D7-AFAD-4B03-A15E-1E30749D1470} = {36B04108-D4FB-47CB-A940-868A45577D2F}
		{1B3B5E41-C194-4DE9-BD84-F9BEDC772AB4} = {36B04108-D4FB-47CB-A940-868A45577D2F}
		{BDD85663-D9F0-4010-877C-E080AEA3131B} = {36B04108-D4FB-47CB-A940-868A45577D2F}
		{DFBE355D-94E7-4DE4-B514-B097D69D0872} = {36B04108-D4FB-47CB-A940-868A45577D2F}
		{D7327255-6D19-4923-A890-536A952BCB21} = {36B04108-D4FB-47CB-A940-868A45577D2F}
		{5A2EDD04-388A-4312-8F25-13D9D069611F} = {36B04108-D4FB-47CB-A940-868A45577D2F}
		{E44B1A72-7B3A-495B-9797-916C30C81039} = {36B04108-D4FB-47CB-A940-868A45577D2F}
		{BDAB6BB9-4729-4743-BC67-29D8721BB7F1} = {5A2EDD04-388A-4312-8F25-13D9D069611F}
		{B98CFFDC-8E51-4503-A0BE-E8A7F06D12AB} = {5A2EDD04-388A-4312-8F25-13D9D069611F}
		{B4B28A1B-B438-4413-BEF0-4B564D865B7B} = {5A2EDD04-388A-4312-8F25-13D9D069611F}
		{C6F1CBF1-7EE1-44C9-9823-367D827977BB} = {5A2EDD04-388A-4312-8F25-13D9D069611F}
		{84D46170-3AB7-4628-A20E-2B08ABAA0B97} = {B98CFFDC-8E51-4503-A0BE-E8A7F06D12AB}
		{DACDA873-A5D7-4030-8DF6-128112168BC5} = {B98CFFDC-8E51-4503-A0BE-E8A7F06D12AB}
		{2D03D176-BC94-4DEF-B268-D4125617021C} = {B4B28A1B-B438-4413-BEF0-4B564D865B7B}
		{30487FD3-3BD2-4491-AD65-973E78DF294B} = {BDAB6BB9-4729-4743-BC67-29D8721BB7F1}
		{39911D99-0373-44C4-AC62-4387762030E1} = {BDAB6BB9-4729-4743-BC67-29D8721BB7F1}
		{747C33C5-411F-4143-8BC5-A0D804852F47} = {C6F1CBF1-7EE1-44C9-9823-367D827977BB}
		{2E41314B-0A66-41D8-BE28-1A54B1F0C28B} = {B4B28A1B-B438-4413-BEF0-4B564D865B7B}
		{49167BA1-51E7-4DC1-B4AA-DB723D682105} = {BDAB6BB9-4729-4743-BC67-29D8721BB7F1}
		{BA6C722A-EBAF-4ECE-AFCE-5E3CAD1A9036} = {36B04108-D4FB-47CB-A940-868A45577D2F}
		{222C327C-2811-41A7-A5D5-D60C87E602AF} = {36B04108-D4FB-47CB-A940-868A45577D2F}
		{F81DAC85-7E38-409C-B9AD-47993201FE7F} = {36B04108-D4FB-47CB-A940-868A45577D2F}
		{13117D85-4923-4E36-A4F7-B0D62EA0212E} = {36B04108-D4FB-47CB-A940-868A45577D2F}
		{8771F775-FE9C-4579-BC52-015700EA7C94} = {36B04108-D4FB-47CB-A940-868A45577D2F}
		{C65C9E83-BB87-42B9-989D-6117225D9E05} = {36B04108-D4FB-47CB-A940-868A45577D2F}
		{D6B4DCEC-6056-4297-9DB7-3FD2D82852E0} = {36B04108-D4FB-47CB-A940-868A45577D2F}
		{6FDE45D8-2194-445F-B18E-9E9C953C721B} = {36B04108-D4FB-47CB-A940-868A45577D2F}
		{71E8C33E-5D9B-4A3E-9539-1E823CF67F29} = {36B04108-D4FB-47CB-A940-868A45577D2F}
		{93A1154E-1648-42F0-92C1-01B7A0D34420} = {36B04108-D4FB-47CB-A940-868A45577D2F}
		{4365249D-4A87-444E-8A40-CFA3DEEC8492} = {36B04108-D4FB-47CB-A940-868A45577D2F}
		{3724FEB3-AE4F-4D31-849F-847B4892AF9E} = {36B04108-D4FB-47CB-A940-868A45577D2F}
		{45B3BE75-695C-4A96-886B-FE9E989F5913} = {36B04108-D4FB-47CB-A940-868A45577D2F}
		{70885C73-B40A-4ADB-A14F-19C2092D73FE} = {36B04108-D4FB-47CB-A940-868A45577D2F}
	EndGlobalSection
	GlobalSection(ExtensibilityGlobals) = postSolution
		SolutionGuid = {7C9F706B-19EF-445C-9AF7-246B32541C7F}
	EndGlobalSection
EndGlobal
